<?xml version="1.0" encoding="utf-8"?>
<Project ToolsVersion="4.0" xmlns="http://schemas.microsoft.com/developer/msbuild/2003">
  <ItemGroup>
    <Filter Include="Archivos de código fuente">
      <UniqueIdentifier>{4FC737F1-C7A5-4376-A066-2A32D752A2FF}</UniqueIdentifier>
      <Extensions>cpp;c;cc;cxx;def;odl;idl;hpj;bat;asm;asmx</Extensions>
    </Filter>
    <Filter Include="Archivos de encabezado">
      <UniqueIdentifier>{93995380-89BD-4b04-88EB-625FBE52EBFB}</UniqueIdentifier>
      <Extensions>h;hh;hpp;hxx;hm;inl;inc;xsd</Extensions>
    </Filter>
    <Filter Include="Archivos de recursos">
      <UniqueIdentifier>{67DA6AB6-F800-4c08-8B7A-83BB121AAD01}</UniqueIdentifier>
      <Extensions>rc;ico;cur;bmp;dlg;rc2;rct;bin;rgs;gif;jpg;jpeg;jpe;resx;tiff;tif;png;wav;mfcribbon-ms</Extensions>
    </Filter>
    <Filter Include="Archivos de código fuente\lib">
      <UniqueIdentifier>{ba3a12fb-a9d8-4914-b109-423708ba2c40}</UniqueIdentifier>
    </Filter>
    <Filter Include="Archivos de encabezado\lib">
      <UniqueIdentifier>{66ce9983-2f83-4558-89b5-1955d0d74414}</UniqueIdentifier>
    </Filter>
    <Filter Include="Archivos de código fuente\headPreComp">
      <UniqueIdentifier>{5fd112a3-c181-4862-babe-4b53aba33571}</UniqueIdentifier>
    </Filter>
    <Filter Include="Archivos de encabezado\headPreComp">
      <UniqueIdentifier>{d0442d2b-b0a2-4842-b7b7-8a5e6703a543}</UniqueIdentifier>
    </Filter>
  </ItemGroup>
  <ItemGroup>
    <Text Include="Notes.txt" />
    <Text Include="Program\laberint1.txt">
      <Filter>Archivos de recursos</Filter>
    </Text>
    <Text Include="Program\laberint2.txt">
      <Filter>Archivos de recursos</Filter>
    </Text>
    <Text Include="Program\moviments.txt">
      <Filter>Archivos de recursos</Filter>
    </Text>
    <Text Include="Historial.txt">
      <Filter>Archivos de recursos</Filter>
    </Text>
    <Text Include="mapa3.txt">
      <Filter>Archivos de recursos</Filter>
    </Text>
  </ItemGroup>
  <ItemGroup>
    <ClInclude Include="lib\debug.h">
      <Filter>Archivos de encabezado\lib</Filter>
    </ClInclude>
    <ClInclude Include="lib\error.h">
      <Filter>Archivos de encabezado\lib</Filter>
    </ClInclude>
    <ClInclude Include="lib\image_png.h">
      <Filter>Archivos de encabezado\lib</Filter>
    </ClInclude>
    <ClInclude Include="lib\keyboard.h">
      <Filter>Archivos de encabezado\lib</Filter>
    </ClInclude>
    <ClInclude Include="lib\keyboard_sdl.h">
      <Filter>Archivos de encabezado\lib</Filter>
    </ClInclude>
    <ClInclude Include="lib\libreria.h">
      <Filter>Archivos de encabezado\lib</Filter>
    </ClInclude>
    <ClInclude Include="lib\mouse.h">
      <Filter>Archivos de encabezado\lib</Filter>
    </ClInclude>
    <ClInclude Include="lib\sound.h">
      <Filter>Archivos de encabezado\lib</Filter>
    </ClInclude>
    <ClInclude Include="lib\sprites.h">
      <Filter>Archivos de encabezado\lib</Filter>
    </ClInclude>
    <ClInclude Include="lib\stb_vorbis.h">
      <Filter>Archivos de encabezado\lib</Filter>
    </ClInclude>
    <ClInclude Include="lib\video.h">
      <Filter>Archivos de encabezado\lib</Filter>
    </ClInclude>
    <ClInclude Include="Definitions.h">
      <Filter>Archivos de encabezado</Filter>
    </ClInclude>
    <ClInclude Include="bot.h">
      <Filter>Archivos de encabezado</Filter>
    </ClInclude>
    <ClInclude Include="box.h">
      <Filter>Archivos de encabezado</Filter>
    </ClInclude>
    <ClInclude Include="maze.h">
      <Filter>Archivos de encabezado</Filter>
    </ClInclude>
    <ClInclude Include="targetver.h">
      <Filter>Archivos de encabezado\headPreComp</Filter>
    </ClInclude>
    <ClInclude Include="stdafx.h">
      <Filter>Archivos de encabezado\headPreComp</Filter>
    </ClInclude>
    <ClInclude Include="Queue.h">
      <Filter>Archivos de encabezado</Filter>
    </ClInclude>
    <ClInclude Include="Node.h">
      <Filter>Archivos de encabezado</Filter>
    </ClInclude>
    <ClInclude Include="Llista.h">
      <Filter>Archivos de encabezado</Filter>
    </ClInclude>
    <ClInclude Include="Stack.h">
      <Filter>Archivos de encabezado</Filter>
    </ClInclude>
    <ClInclude Include="RobotMaze.h">
      <Filter>Archivos de encabezado</Filter>
    </ClInclude>
  </ItemGroup>
  <ItemGroup>
    <ClCompile Include="lib\debug.cpp">
      <Filter>Archivos de código fuente\lib</Filter>
    </ClCompile>
    <ClCompile Include="lib\image_png.cpp">
      <Filter>Archivos de código fuente\lib</Filter>
    </ClCompile>
    <ClCompile Include="lib\keyboard.cpp">
      <Filter>Archivos de código fuente\lib</Filter>
    </ClCompile>
    <ClCompile Include="lib\mouse.cpp">
      <Filter>Archivos de código fuente\lib</Filter>
    </ClCompile>
    <ClCompile Include="lib\sound.cpp">
      <Filter>Archivos de código fuente\lib</Filter>
    </ClCompile>
    <ClCompile Include="lib\sprites.cpp">
      <Filter>Archivos de código fuente\lib</Filter>
    </ClCompile>
    <ClCompile Include="lib\stb_vorbis.cpp">
      <Filter>Archivos de código fuente\lib</Filter>
    </ClCompile>
    <ClCompile Include="lib\video.cpp">
      <Filter>Archivos de código fuente\lib</Filter>
    </ClCompile>
    <ClCompile Include="bot.cpp">
      <Filter>Archivos de código fuente</Filter>
    </ClCompile>
    <ClCompile Include="maze.cpp">
      <Filter>Archivos de código fuente</Filter>
    </ClCompile>
    <ClCompile Include="stdafx.cpp">
      <Filter>Archivos de código fuente\headPreComp</Filter>
    </ClCompile>
    <ClCompile Include="main.cpp">
      <Filter>Archivos de código fuente</Filter>
    </ClCompile>
    <ClCompile Include="RobotMaze.cpp">
      <Filter>Archivos de código fuente</Filter>
    </ClCompile>
  </ItemGroup>
  <ItemGroup>
    <Image Include="Program\beer.png">
      <Filter>Archivos de recursos</Filter>
    </Image>
    <Image Include="Program\bender.png">
      <Filter>Archivos de recursos</Filter>
    </Image>
    <Image Include="Program\cblanc.png">
      <Filter>Archivos de recursos</Filter>
    </Image>
    <Image Include="Program\cnegre.png">
      <Filter>Archivos de recursos</Filter>
    </Image>
  </ItemGroup>
</Project>